{
  "name": "com.exemplo.hello",
  "version": "1.0.0",
  "lockfileVersion": 2,
  "requires": true,
  "packages": {
    "": {
      "name": "com.exemplo.hello",
      "version": "1.0.0",
      "license": "Apache-2.0",
      "devDependencies": {
        "cordova-android": "^7.1.1"
      }
    },
    "node_modules/cordova-android": {
      "version": "7.1.1",
      "resolved": "https://registry.npmjs.org/cordova-android/-/cordova-android-7.1.1.tgz",
      "integrity": "sha512-MAOwEMT3TuGjKw4McNzzYyHmxkWY3ozafbIgdMAvPzqSBVGIcn+H3SmWfaHtUXfmIPFliT171ICsSm6W5lZXEA==",
      "bundleDependencies": [
        "abbrev",
        "android-versions",
        "ansi",
        "balanced-match",
        "base64-js",
        "big-integer",
        "bplist-parser",
        "brace-expansion",
        "concat-map",
        "cordova-common",
        "cordova-registry-mapper",
        "elementtree",
        "glob",
        "inflight",
        "inherits",
        "minimatch",
        "nopt",
        "once",
        "path-is-absolute",
        "plist",
        "properties-parser",
        "q",
        "sax",
        "semver",
        "shelljs",
        "underscore",
        "unorm",
        "wrappy",
        "xmlbuilder",
        "xmldom"
      ],
      "dev": true,
      "dependencies": {
        "abbrev": "*",
        "android-versions": "1.3.0",
        "ansi": "*",
        "balanced-match": "*",
        "base64-js": "1.2.0",
        "big-integer": "*",
        "bplist-parser": "*",
        "brace-expansion": "*",
        "concat-map": "*",
        "cordova-common": "2.2.5",
        "cordova-registry-mapper": "*",
        "elementtree": "0.1.6",
        "glob": "5.0.15",
        "inflight": "*",
        "inherits": "*",
        "minimatch": "*",
        "nopt": "3.0.1",
        "once": "*",
        "path-is-absolute": "*",
        "plist": "2.1.0",
        "properties-parser": "0.2.3",
        "q": "1.4.1",
        "sax": "0.3.5",
        "semver": "*",
        "shelljs": "0.5.3",
        "underscore": "*",
        "unorm": "*",
        "wrappy": "*",
        "xmlbuilder": "8.2.2",
        "xmldom": "*"
      },
      "bin": {
        "create": "bin/create"
      },
      "engines": {
        "node": ">=4.0.0"
      }
    },
    "node_modules/cordova-android/node_modules/abbrev": {
      "version": "1.1.1",
      "dev": true,
      "inBundle": true,
      "license": "ISC"
    },
    "node_modules/cordova-android/node_modules/android-versions": {
      "version": "1.3.0",
      "dev": true,
      "inBundle": true,
      "license": "MIT",
      "dependencies": {
        "semver": "^5.4.1"
      }
    },
    "node_modules/cordova-android/node_modules/ansi": {
      "version": "0.3.1",
      "dev": true,
      "inBundle": true,
      "license": "MIT"
    },
    "node_modules/cordova-android/node_modules/balanced-match": {
      "version": "1.0.0",
      "dev": true,
      "inBundle": true,
      "license": "MIT"
    },
    "node_modules/cordova-android/node_modules/base64-js": {
      "version": "1.2.0",
      "dev": true,
      "inBundle": true,
      "license": "MIT"
    },
    "node_modules/cordova-android/node_modules/big-integer": {
      "version": "1.6.32",
      "dev": true,
      "inBundle": true,
      "license": "Unlicense",
      "engines": {
        "node": ">=0.6"
      }
    },
    "node_modules/cordova-android/node_modules/bplist-parser": {
      "version": "0.1.1",
      "dev": true,
      "inBundle": true,
      "license": "MIT",
      "dependencies": {
        "big-integer": "^1.6.7"
      }
    },
    "node_modules/cordova-android/node_modules/brace-expansion": {
      "version": "1.1.11",
      "dev": true,
      "inBundle": true,
      "license": "MIT",
      "dependencies": {
        "balanced-match": "^1.0.0",
        "concat-map": "0.0.1"
      }
    },
    "node_modules/cordova-android/node_modules/concat-map": {
      "version": "0.0.1",
      "dev": true,
      "inBundle": true,
      "license": "MIT"
    },
    "node_modules/cordova-android/node_modules/cordova-common": {
      "version": "2.2.5",
      "dev": true,
      "inBundle": true,
      "license": "Apache-2.0",
      "dependencies": {
        "ansi": "^0.3.1",
        "bplist-parser": "^0.1.0",
        "cordova-registry-mapper": "^1.1.8",
        "elementtree": "0.1.6",
        "glob": "^5.0.13",
        "minimatch": "^3.0.0",
        "plist": "^2.1.0",
        "q": "^1.4.1",
        "shelljs": "^0.5.3",
        "underscore": "^1.8.3",
        "unorm": "^1.3.3"
      },
      "engines": {
        "node": ">=4.0.0"
      }
    },
    "node_modules/cordova-android/node_modules/cordova-registry-mapper": {
      "version": "1.1.15",
      "dev": true,
      "inBundle": true,
      "license": "Apache version 2.0"
    },
    "node_modules/cordova-android/node_modules/elementtree": {
      "version": "0.1.6",
      "dev": true,
      "inBundle": true,
      "dependencies": {
        "sax": "0.3.5"
      },
      "engines": {
        "node": ">= 0.4.0"
      }
    },
    "node_modules/cordova-android/node_modules/glob": {
      "version": "5.0.15",
      "dev": true,
      "inBundle": true,
      "license": "ISC",
      "dependencies": {
        "inflight": "^1.0.4",
        "inherits": "2",
        "minimatch": "2 || 3",
        "once": "^1.3.0",
        "path-is-absolute": "^1.0.0"
      },
      "engines": {
        "node": "*"
      }
    },
    "node_modules/cordova-android/node_modules/inflight": {
      "version": "1.0.6",
      "dev": true,
      "inBundle": true,
      "license": "ISC",
      "dependencies": {
        "once": "^1.3.0",
        "wrappy": "1"
      }
    },
    "node_modules/cordova-android/node_modules/inherits": {
      "version": "2.0.3",
      "dev": true,
      "inBundle": true,
      "license": "ISC"
    },
    "node_modules/cordova-android/node_modules/minimatch": {
      "version": "3.0.4",
      "dev": true,
      "inBundle": true,
      "license": "ISC",
      "dependencies": {
        "brace-expansion": "^1.1.7"
      },
      "engines": {
        "node": "*"
      }
    },
    "node_modules/cordova-android/node_modules/nopt": {
      "version": "3.0.1",
      "dev": true,
      "inBundle": true,
      "license": "MIT",
      "dependencies": {
        "abbrev": "1"
      },
      "bin": {
        "nopt": "bin/nopt.js"
      }
    },
    "node_modules/cordova-android/node_modules/once": {
      "version": "1.4.0",
      "dev": true,
      "inBundle": true,
      "license": "ISC",
      "dependencies": {
        "wrappy": "1"
      }
    },
    "node_modules/cordova-android/node_modules/path-is-absolute": {
      "version": "1.0.1",
      "dev": true,
      "inBundle": true,
      "license": "MIT",
      "engines": {
        "node": ">=0.10.0"
      }
    },
    "node_modules/cordova-android/node_modules/plist": {
      "version": "2.1.0",
      "dev": true,
      "inBundle": true,
      "license": "MIT",
      "dependencies": {
        "base64-js": "1.2.0",
        "xmlbuilder": "8.2.2",
        "xmldom": "0.1.x"
      }
    },
    "node_modules/cordova-android/node_modules/properties-parser": {
      "version": "0.2.3",
      "dev": true,
      "inBundle": true,
      "engines": {
        "node": ">= 0.3.1"
      }
    },
    "node_modules/cordova-android/node_modules/q": {
      "version": "1.4.1",
      "dev": true,
      "inBundle": true,
      "license": "MIT",
      "engines": {
        "node": ">=0.6.0",
        "teleport": ">=0.2.0"
      }
    },
    "node_modules/cordova-android/node_modules/sax": {
      "version": "0.3.5",
      "dev": true,
      "inBundle": true,
      "license": "MIT",
      "engines": {
        "node": "*"
      }
    },
    "node_modules/cordova-android/node_modules/semver": {
      "version": "5.5.0",
      "dev": true,
      "inBundle": true,
      "license": "ISC",
      "bin": {
        "semver": "bin/semver"
      }
    },
    "node_modules/cordova-android/node_modules/shelljs": {
      "version": "0.5.3",
      "dev": true,
      "inBundle": true,
      "license": "BSD*",
      "bin": {
        "shjs": "bin/shjs"
      },
      "engines": {
        "node": ">=0.8.0"
      }
    },
    "node_modules/cordova-android/node_modules/underscore": {
      "version": "1.9.1",
      "dev": true,
      "inBundle": true,
      "license": "MIT"
    },
    "node_modules/cordova-android/node_modules/unorm": {
      "version": "1.4.1",
      "dev": true,
      "inBundle": true,
      "license": "MIT or GPL-2.0",
      "engines": {
        "node": ">= 0.4.0"
      }
    },
    "node_modules/cordova-android/node_modules/wrappy": {
      "version": "1.0.2",
      "dev": true,
      "inBundle": true,
      "license": "ISC"
    },
    "node_modules/cordova-android/node_modules/xmlbuilder": {
      "version": "8.2.2",
      "dev": true,
      "inBundle": true,
      "license": "MIT",
      "engines": {
        "node": ">=4.0"
      }
    },
    "node_modules/cordova-android/node_modules/xmldom": {
      "version": "0.1.27",
      "dev": true,
      "inBundle": true,
      "engines": {
        "node": ">=0.1"
      }
    }
  },
  "dependencies": {
    "cordova-android": {
      "version": "7.1.1",
      "resolved": "https://registry.npmjs.org/cordova-android/-/cordova-android-7.1.1.tgz",
      "integrity": "sha512-MAOwEMT3TuGjKw4McNzzYyHmxkWY3ozafbIgdMAvPzqSBVGIcn+H3SmWfaHtUXfmIPFliT171ICsSm6W5lZXEA==",
      "dev": true,
      "requires": {
        "abbrev": "*",
        "android-versions": "1.3.0",
        "ansi": "*",
        "balanced-match": "*",
        "base64-js": "1.2.0",
        "big-integer": "*",
        "bplist-parser": "*",
        "brace-expansion": "*",
        "concat-map": "*",
        "cordova-common": "2.2.5",
        "cordova-registry-mapper": "*",
        "elementtree": "0.1.6",
        "glob": "5.0.15",
        "inflight": "*",
        "inherits": "*",
        "minimatch": "*",
        "nopt": "3.0.1",
        "once": "*",
        "path-is-absolute": "*",
        "plist": "2.1.0",
        "properties-parser": "0.2.3",
        "q": "1.4.1",
        "sax": "0.3.5",
        "semver": "*",
        "shelljs": "0.5.3",
        "underscore": "*",
        "unorm": "*",
        "wrappy": "*",
        "xmlbuilder": "8.2.2",
        "xmldom": "*"
      },
      "dependencies": {
        "abbrev": {
          "version": "1.1.1",
          "bundled": true,
          "dev": true
        },
        "android-versions": {
          "version": "1.3.0",
          "bundled": true,
          "dev": true,
          "requires": {
            "semver": "^5.4.1"
          }
        },
        "ansi": {
          "version": "0.3.1",
          "bundled": true,
          "dev": true
        },
        "balanced-match": {
          "version": "1.0.0",
          "bundled": true,
          "dev": true
        },
        "base64-js": {
          "version": "1.2.0",
          "bundled": true,
          "dev": true
        },
        "big-integer": {
          "version": "1.6.32",
          "bundled": true,
          "dev": true
        },
        "bplist-parser": {
          "version": "0.1.1",
          "bundled": true,
          "dev": true,
          "requires": {
            "big-integer": "^1.6.7"
          }
        },
        "brace-expansion": {
          "version": "1.1.11",
          "bundled": true,
          "dev": true,
          "requires": {
            "balanced-match": "^1.0.0",
            "concat-map": "0.0.1"
          }
        },
        "concat-map": {
          "version": "0.0.1",
          "bundled": true,
          "dev": true
        },
        "cordova-common": {
          "version": "2.2.5",
          "bundled": true,
          "dev": true,
          "requires": {
            "ansi": "^0.3.1",
            "bplist-parser": "^0.1.0",
            "cordova-registry-mapper": "^1.1.8",
            "elementtree": "0.1.6",
            "glob": "^5.0.13",
            "minimatch": "^3.0.0",
            "plist": "^2.1.0",
            "q": "^1.4.1",
            "shelljs": "^0.5.3",
            "underscore": "^1.8.3",
            "unorm": "^1.3.3"
          }
        },
        "cordova-registry-mapper": {
          "version": "1.1.15",
          "bundled": true,
          "dev": true
        },
        "elementtree": {
          "version": "0.1.6",
          "bundled": true,
          "dev": true,
          "requires": {
            "sax": "0.3.5"
          }
        },
        "glob": {
          "version": "5.0.15",
          "bundled": true,
          "dev": true,
          "requires": {
            "inflight": "^1.0.4",
            "inherits": "2",
            "minimatch": "2 || 3",
            "once": "^1.3.0",
            "path-is-absolute": "^1.0.0"
          }
        },
        "inflight": {
          "version": "1.0.6",
          "bundled": true,
          "dev": true,
          "requires": {
            "once": "^1.3.0",
            "wrappy": "1"
          }
        },
        "inherits": {
          "version": "2.0.3",
          "bundled": true,
          "dev": true
        },
        "minimatch": {
          "version": "3.0.4",
          "bundled": true,
          "dev": true,
          "requires": {
            "brace-expansion": "^1.1.7"
          }
        },
        "nopt": {
          "version": "3.0.1",
          "bundled": true,
          "dev": true,
          "requires": {
            "abbrev": "1"
          }
        },
        "once": {
          "version": "1.4.0",
          "bundled": true,
          "dev": true,
          "requires": {
            "wrappy": "1"
          }
        },
        "path-is-absolute": {
          "version": "1.0.1",
          "bundled": true,
          "dev": true
        },
        "plist": {
          "version": "2.1.0",
          "bundled": true,
          "dev": true,
          "requires": {
            "base64-js": "1.2.0",
            "xmlbuilder": "8.2.2",
            "xmldom": "0.1.x"
          }
        },
        "properties-parser": {
          "version": "0.2.3",
          "bundled": true,
          "dev": true
        },
        "q": {
          "version": "1.4.1",
          "bundled": true,
          "dev": true
        },
        "sax": {
          "version": "0.3.5",
          "bundled": true,
          "dev": true
        },
        "semver": {
          "version": "5.5.0",
          "bundled": true,
          "dev": true
        },
        "shelljs": {
          "version": "0.5.3",
          "bundled": true,
          "dev": true
        },
        "underscore": {
          "version": "1.9.1",
          "bundled": true,
          "dev": true
        },
        "unorm": {
          "version": "1.4.1",
          "bundled": true,
          "dev": true
        },
        "wrappy": {
          "version": "1.0.2",
          "bundled": true,
          "dev": true
        },
        "xmlbuilder": {
          "version": "8.2.2",
          "bundled": true,
          "dev": true
        },
        "xmldom": {
          "version": "0.1.27",
          "bundled": true,
          "dev": true
        }
      }
    }
  }
}
